// !$*UTF8*$!
{
	archiveVersion = 1;
	classes = {
	};
	objectVersion = 45;
	objects = {

/* Begin PBXBuildFile section */
		1DDD58160DA1D0A300B32029 /* MainMenu.xib in Resources */ = {isa = PBXBuildFile; fileRef = 1DDD58140DA1D0A300B32029 /* MainMenu.xib */; };
		256AC3DA0F4B6AC300CF3369 /* SiteMonitorAppDelegate.m in Sources */ = {isa = PBXBuildFile; fileRef = 256AC3D90F4B6AC300CF3369 /* SiteMonitorAppDelegate.m */; };
		8D11072B0486CEB800E47090 /* InfoPlist.strings in Resources */ = {isa = PBXBuildFile; fileRef = 089C165CFE840E0CC02AAC07 /* InfoPlist.strings */; };
		8D11072D0486CEB800E47090 /* main.m in Sources */ = {isa = PBXBuildFile; fileRef = 29B97316FDCFA39411CA2CEA /* main.m */; settings = {ATTRIBUTES = (); }; };
		8D11072F0486CEB800E47090 /* Cocoa.framework in Frameworks */ = {isa = PBXBuildFile; fileRef = 1058C7A1FEA54F0111CA2CBB /* Cocoa.framework */; };
		A104241012F10230003BCC92 /* SiteMonitor.icns in Resources */ = {isa = PBXBuildFile; fileRef = A104240F12F10230003BCC92 /* SiteMonitor.icns */; };
		A126757212ED10A800AA3227 /* BaseException.m in Sources */ = {isa = PBXBuildFile; fileRef = A126757112ED10A800AA3227 /* BaseException.m */; };
		A131858712EC34C600DA6B29 /* AppController.m in Sources */ = {isa = PBXBuildFile; fileRef = A131858612EC34C600DA6B29 /* AppController.m */; };
		A131869012ECFE4F00DA6B29 /* WrongStatusCode.m in Sources */ = {isa = PBXBuildFile; fileRef = A131868F12ECFE4F00DA6B29 /* WrongStatusCode.m */; };
		A131869612ECFEF400DA6B29 /* HostNotReached.m in Sources */ = {isa = PBXBuildFile; fileRef = A131869512ECFEF400DA6B29 /* HostNotReached.m */; };
		A16608C712F02F3900E94FAE /* TimeIntervalDelegate.m in Sources */ = {isa = PBXBuildFile; fileRef = A16608C612F02F3900E94FAE /* TimeIntervalDelegate.m */; };
		A1A38FC812EFB99D00B76E98 /* Preferences.plist in Resources */ = {isa = PBXBuildFile; fileRef = A1A38FC712EFB99D00B76E98 /* Preferences.plist */; };
		A1AFFD1E12EE64CA00EB90D3 /* GrowlBridge.m in Sources */ = {isa = PBXBuildFile; fileRef = A1AFFD1D12EE64CA00EB90D3 /* GrowlBridge.m */; };
		A1AFFE3012EE6FF800EB90D3 /* Growl.framework in Frameworks */ = {isa = PBXBuildFile; fileRef = A1AFFE2F12EE6FF800EB90D3 /* Growl.framework */; };
		A1F6049712EB6419003EB51F /* Site.m in Sources */ = {isa = PBXBuildFile; fileRef = A1F6049612EB6419003EB51F /* Site.m */; };
		A1F604C012EB67E1003EB51F /* SitesDataSource.m in Sources */ = {isa = PBXBuildFile; fileRef = A1F604BF12EB67E1003EB51F /* SitesDataSource.m */; };
/* End PBXBuildFile section */

/* Begin PBXFileReference section */
		089C165DFE840E0CC02AAC07 /* English */ = {isa = PBXFileReference; fileEncoding = 4; lastKnownFileType = text.plist.strings; name = English; path = English.lproj/InfoPlist.strings; sourceTree = "<group>"; };
		1058C7A1FEA54F0111CA2CBB /* Cocoa.framework */ = {isa = PBXFileReference; lastKnownFileType = wrapper.framework; name = Cocoa.framework; path = /System/Library/Frameworks/Cocoa.framework; sourceTree = "<absolute>"; };
		13E42FB307B3F0F600E4EEF1 /* CoreData.framework */ = {isa = PBXFileReference; lastKnownFileType = wrapper.framework; name = CoreData.framework; path = /System/Library/Frameworks/CoreData.framework; sourceTree = "<absolute>"; };
		1DDD58150DA1D0A300B32029 /* English */ = {isa = PBXFileReference; lastKnownFileType = file.xib; name = English; path = English.lproj/MainMenu.xib; sourceTree = "<group>"; };
		256AC3D80F4B6AC300CF3369 /* SiteMonitorAppDelegate.h */ = {isa = PBXFileReference; fileEncoding = 4; lastKnownFileType = sourcecode.c.h; path = SiteMonitorAppDelegate.h; sourceTree = "<group>"; };
		256AC3D90F4B6AC300CF3369 /* SiteMonitorAppDelegate.m */ = {isa = PBXFileReference; fileEncoding = 4; lastKnownFileType = sourcecode.c.objc; path = SiteMonitorAppDelegate.m; sourceTree = "<group>"; };
		256AC3F00F4B6AF500CF3369 /* SiteMonitor_Prefix.pch */ = {isa = PBXFileReference; fileEncoding = 4; lastKnownFileType = sourcecode.c.h; path = SiteMonitor_Prefix.pch; sourceTree = "<group>"; };
		29B97316FDCFA39411CA2CEA /* main.m */ = {isa = PBXFileReference; fileEncoding = 4; lastKnownFileType = sourcecode.c.objc; path = main.m; sourceTree = "<group>"; };
		29B97324FDCFA39411CA2CEA /* AppKit.framework */ = {isa = PBXFileReference; lastKnownFileType = wrapper.framework; name = AppKit.framework; path = /System/Library/Frameworks/AppKit.framework; sourceTree = "<absolute>"; };
		29B97325FDCFA39411CA2CEA /* Foundation.framework */ = {isa = PBXFileReference; lastKnownFileType = wrapper.framework; name = Foundation.framework; path = /System/Library/Frameworks/Foundation.framework; sourceTree = "<absolute>"; };
		8D1107310486CEB800E47090 /* SiteMonitor-Info.plist */ = {isa = PBXFileReference; fileEncoding = 4; lastKnownFileType = text.plist.xml; path = "SiteMonitor-Info.plist"; sourceTree = "<group>"; };
		8D1107320486CEB800E47090 /* SiteMonitor.app */ = {isa = PBXFileReference; explicitFileType = wrapper.application; includeInIndex = 0; path = SiteMonitor.app; sourceTree = BUILT_PRODUCTS_DIR; };
		A104240F12F10230003BCC92 /* SiteMonitor.icns */ = {isa = PBXFileReference; lastKnownFileType = image.icns; path = SiteMonitor.icns; sourceTree = "<group>"; };
		A126757012ED10A800AA3227 /* BaseException.h */ = {isa = PBXFileReference; fileEncoding = 4; lastKnownFileType = sourcecode.c.h; path = BaseException.h; sourceTree = "<group>"; };
		A126757112ED10A800AA3227 /* BaseException.m */ = {isa = PBXFileReference; fileEncoding = 4; lastKnownFileType = sourcecode.c.objc; path = BaseException.m; sourceTree = "<group>"; };
		A131858512EC34C600DA6B29 /* AppController.h */ = {isa = PBXFileReference; fileEncoding = 4; lastKnownFileType = sourcecode.c.h; path = AppController.h; sourceTree = "<group>"; };
		A131858612EC34C600DA6B29 /* AppController.m */ = {isa = PBXFileReference; fileEncoding = 4; lastKnownFileType = sourcecode.c.objc; path = AppController.m; sourceTree = "<group>"; };
		A131868E12ECFE4F00DA6B29 /* WrongStatusCode.h */ = {isa = PBXFileReference; fileEncoding = 4; lastKnownFileType = sourcecode.c.h; path = WrongStatusCode.h; sourceTree = "<group>"; };
		A131868F12ECFE4F00DA6B29 /* WrongStatusCode.m */ = {isa = PBXFileReference; fileEncoding = 4; lastKnownFileType = sourcecode.c.objc; path = WrongStatusCode.m; sourceTree = "<group>"; };
		A131869412ECFEF400DA6B29 /* HostNotReached.h */ = {isa = PBXFileReference; fileEncoding = 4; lastKnownFileType = sourcecode.c.h; path = HostNotReached.h; sourceTree = "<group>"; };
		A131869512ECFEF400DA6B29 /* HostNotReached.m */ = {isa = PBXFileReference; fileEncoding = 4; lastKnownFileType = sourcecode.c.objc; path = HostNotReached.m; sourceTree = "<group>"; };
		A16608C512F02F3900E94FAE /* TimeIntervalDelegate.h */ = {isa = PBXFileReference; fileEncoding = 4; lastKnownFileType = sourcecode.c.h; path = TimeIntervalDelegate.h; sourceTree = "<group>"; };
		A16608C612F02F3900E94FAE /* TimeIntervalDelegate.m */ = {isa = PBXFileReference; fileEncoding = 4; lastKnownFileType = sourcecode.c.objc; path = TimeIntervalDelegate.m; sourceTree = "<group>"; };
		A1A38FC712EFB99D00B76E98 /* Preferences.plist */ = {isa = PBXFileReference; fileEncoding = 4; lastKnownFileType = text.plist.xml; path = Preferences.plist; sourceTree = "<group>"; };
		A1AFFD1C12EE64CA00EB90D3 /* GrowlBridge.h */ = {isa = PBXFileReference; fileEncoding = 4; lastKnownFileType = sourcecode.c.h; path = GrowlBridge.h; sourceTree = "<group>"; };
		A1AFFD1D12EE64CA00EB90D3 /* GrowlBridge.m */ = {isa = PBXFileReference; fileEncoding = 4; lastKnownFileType = sourcecode.c.objc; path = GrowlBridge.m; sourceTree = "<group>"; };
		A1AFFE2F12EE6FF800EB90D3 /* Growl.framework */ = {isa = PBXFileReference; lastKnownFileType = wrapper.framework; path = Growl.framework; sourceTree = "<group>"; };
		A1F6049512EB6419003EB51F /* Site.h */ = {isa = PBXFileReference; fileEncoding = 4; lastKnownFileType = sourcecode.c.h; path = Site.h; sourceTree = "<group>"; };
		A1F6049612EB6419003EB51F /* Site.m */ = {isa = PBXFileReference; fileEncoding = 4; lastKnownFileType = sourcecode.c.objc; path = Site.m; sourceTree = "<group>"; };
		A1F604BE12EB67E1003EB51F /* SitesDataSource.h */ = {isa = PBXFileReference; fileEncoding = 4; lastKnownFileType = sourcecode.c.h; path = SitesDataSource.h; sourceTree = "<group>"; };
		A1F604BF12EB67E1003EB51F /* SitesDataSource.m */ = {isa = PBXFileReference; fileEncoding = 4; lastKnownFileType = sourcecode.c.objc; path = SitesDataSource.m; sourceTree = "<group>"; };
/* End PBXFileReference section */

/* Begin PBXFrameworksBuildPhase section */
		8D11072E0486CEB800E47090 /* Frameworks */ = {
			isa = PBXFrameworksBuildPhase;
			buildActionMask = 2147483647;
			files = (
				8D11072F0486CEB800E47090 /* Cocoa.framework in Frameworks */,
				A1AFFE3012EE6FF800EB90D3 /* Growl.framework in Frameworks */,
			);
			runOnlyForDeploymentPostprocessing = 0;
		};
/* End PBXFrameworksBuildPhase section */

/* Begin PBXGroup section */
		080E96DDFE201D6D7F000001 /* Classes */ = {
			isa = PBXGroup;
			children = (
				A131868D12ECFE1100DA6B29 /* Exceptions */,
				A1F6049E12EB6676003EB51F /* Models */,
				A1F604BE12EB67E1003EB51F /* SitesDataSource.h */,
				A1F604BF12EB67E1003EB51F /* SitesDataSource.m */,
				256AC3D80F4B6AC300CF3369 /* SiteMonitorAppDelegate.h */,
				256AC3D90F4B6AC300CF3369 /* SiteMonitorAppDelegate.m */,
				A131858512EC34C600DA6B29 /* AppController.h */,
				A131858612EC34C600DA6B29 /* AppController.m */,
				A1AFFD1C12EE64CA00EB90D3 /* GrowlBridge.h */,
				A1AFFD1D12EE64CA00EB90D3 /* GrowlBridge.m */,
				A16608C512F02F3900E94FAE /* TimeIntervalDelegate.h */,
				A16608C612F02F3900E94FAE /* TimeIntervalDelegate.m */,
			);
			name = Classes;
			sourceTree = "<group>";
		};
		1058C7A0FEA54F0111CA2CBB /* Linked Frameworks */ = {
			isa = PBXGroup;
			children = (
				1058C7A1FEA54F0111CA2CBB /* Cocoa.framework */,
			);
			name = "Linked Frameworks";
			sourceTree = "<group>";
		};
		1058C7A2FEA54F0111CA2CBB /* Other Frameworks */ = {
			isa = PBXGroup;
			children = (
				A1AFFE2F12EE6FF800EB90D3 /* Growl.framework */,
				29B97324FDCFA39411CA2CEA /* AppKit.framework */,
				13E42FB307B3F0F600E4EEF1 /* CoreData.framework */,
				29B97325FDCFA39411CA2CEA /* Foundation.framework */,
			);
			name = "Other Frameworks";
			sourceTree = "<group>";
		};
		19C28FACFE9D520D11CA2CBB /* Products */ = {
			isa = PBXGroup;
			children = (
				8D1107320486CEB800E47090 /* SiteMonitor.app */,
			);
			name = Products;
			sourceTree = "<group>";
		};
		29B97314FDCFA39411CA2CEA /* SiteMonitor */ = {
			isa = PBXGroup;
			children = (
				080E96DDFE201D6D7F000001 /* Classes */,
				29B97315FDCFA39411CA2CEA /* Other Sources */,
				29B97317FDCFA39411CA2CEA /* Resources */,
				29B97323FDCFA39411CA2CEA /* Frameworks */,
				19C28FACFE9D520D11CA2CBB /* Products */,
			);
			name = SiteMonitor;
			sourceTree = "<group>";
		};
		29B97315FDCFA39411CA2CEA /* Other Sources */ = {
			isa = PBXGroup;
			children = (
				256AC3F00F4B6AF500CF3369 /* SiteMonitor_Prefix.pch */,
				29B97316FDCFA39411CA2CEA /* main.m */,
			);
			name = "Other Sources";
			sourceTree = "<group>";
		};
		29B97317FDCFA39411CA2CEA /* Resources */ = {
			isa = PBXGroup;
			children = (
				A104240F12F10230003BCC92 /* SiteMonitor.icns */,
				8D1107310486CEB800E47090 /* SiteMonitor-Info.plist */,
				089C165CFE840E0CC02AAC07 /* InfoPlist.strings */,
				1DDD58140DA1D0A300B32029 /* MainMenu.xib */,
				A1A38FC712EFB99D00B76E98 /* Preferences.plist */,
			);
			name = Resources;
			sourceTree = "<group>";
		};
		29B97323FDCFA39411CA2CEA /* Frameworks */ = {
			isa = PBXGroup;
			children = (
				1058C7A0FEA54F0111CA2CBB /* Linked Frameworks */,
				1058C7A2FEA54F0111CA2CBB /* Other Frameworks */,
			);
			name = Frameworks;
			sourceTree = "<group>";
		};
		A131868D12ECFE1100DA6B29 /* Exceptions */ = {
			isa = PBXGroup;
			children = (
				A131868E12ECFE4F00DA6B29 /* WrongStatusCode.h */,
				A131868F12ECFE4F00DA6B29 /* WrongStatusCode.m */,
				A131869412ECFEF400DA6B29 /* HostNotReached.h */,
				A131869512ECFEF400DA6B29 /* HostNotReached.m */,
				A126757012ED10A800AA3227 /* BaseException.h */,
				A126757112ED10A800AA3227 /* BaseException.m */,
			);
			name = Exceptions;
			sourceTree = "<group>";
		};
		A1F6049E12EB6676003EB51F /* Models */ = {
			isa = PBXGroup;
			children = (
				A1F6049512EB6419003EB51F /* Site.h */,
				A1F6049612EB6419003EB51F /* Site.m */,
			);
			name = Models;
			sourceTree = "<group>";
		};
/* End PBXGroup section */

/* Begin PBXNativeTarget section */
		8D1107260486CEB800E47090 /* SiteMonitor */ = {
			isa = PBXNativeTarget;
			buildConfigurationList = C01FCF4A08A954540054247B /* Build configuration list for PBXNativeTarget "SiteMonitor" */;
			buildPhases = (
				8D1107290486CEB800E47090 /* Resources */,
				8D11072C0486CEB800E47090 /* Sources */,
				8D11072E0486CEB800E47090 /* Frameworks */,
			);
			buildRules = (
			);
			dependencies = (
			);
			name = SiteMonitor;
			productInstallPath = "$(HOME)/Applications";
			productName = SiteMonitor;
			productReference = 8D1107320486CEB800E47090 /* SiteMonitor.app */;
			productType = "com.apple.product-type.application";
		};
/* End PBXNativeTarget section */

/* Begin PBXProject section */
		29B97313FDCFA39411CA2CEA /* Project object */ = {
			isa = PBXProject;
			attributes = {
				ORGANIZATIONNAME = "Raminel Web";
			};
			buildConfigurationList = C01FCF4E08A954540054247B /* Build configuration list for PBXProject "SiteMonitor" */;
			compatibilityVersion = "Xcode 3.1";
			developmentRegion = English;
			hasScannedForEncodings = 1;
			knownRegions = (
				English,
				Japanese,
				French,
				German,
			);
			mainGroup = 29B97314FDCFA39411CA2CEA /* SiteMonitor */;
			projectDirPath = "";
			projectRoot = "";
			targets = (
				8D1107260486CEB800E47090 /* SiteMonitor */,
			);
		};
/* End PBXProject section */

/* Begin PBXResourcesBuildPhase section */
		8D1107290486CEB800E47090 /* Resources */ = {
			isa = PBXResourcesBuildPhase;
			buildActionMask = 2147483647;
			files = (
				8D11072B0486CEB800E47090 /* InfoPlist.strings in Resources */,
				1DDD58160DA1D0A300B32029 /* MainMenu.xib in Resources */,
				A1A38FC812EFB99D00B76E98 /* Preferences.plist in Resources */,
				A104241012F10230003BCC92 /* SiteMonitor.icns in Resources */,
			);
			runOnlyForDeploymentPostprocessing = 0;
		};
/* End PBXResourcesBuildPhase section */

/* Begin PBXSourcesBuildPhase section */
		8D11072C0486CEB800E47090 /* Sources */ = {
			isa = PBXSourcesBuildPhase;
			buildActionMask = 2147483647;
			files = (
				8D11072D0486CEB800E47090 /* main.m in Sources */,
				256AC3DA0F4B6AC300CF3369 /* SiteMonitorAppDelegate.m in Sources */,
				A1F6049712EB6419003EB51F /* Site.m in Sources */,
				A1F604C012EB67E1003EB51F /* SitesDataSource.m in Sources */,
				A131858712EC34C600DA6B29 /* AppController.m in Sources */,
				A131869012ECFE4F00DA6B29 /* WrongStatusCode.m in Sources */,
				A131869612ECFEF400DA6B29 /* HostNotReached.m in Sources */,
				A126757212ED10A800AA3227 /* BaseException.m in Sources */,
				A1AFFD1E12EE64CA00EB90D3 /* GrowlBridge.m in Sources */,
				A16608C712F02F3900E94FAE /* TimeIntervalDelegate.m in Sources */,
			);
			runOnlyForDeploymentPostprocessing = 0;
		};
/* End PBXSourcesBuildPhase section */

/* Begin PBXVariantGroup section */
		089C165CFE840E0CC02AAC07 /* InfoPlist.strings */ = {
			isa = PBXVariantGroup;
			children = (
				089C165DFE840E0CC02AAC07 /* English */,
			);
			name = InfoPlist.strings;
			sourceTree = "<group>";
		};
		1DDD58140DA1D0A300B32029 /* MainMenu.xib */ = {
			isa = PBXVariantGroup;
			children = (
				1DDD58150DA1D0A300B32029 /* English */,
			);
			name = MainMenu.xib;
			sourceTree = "<group>";
		};
/* End PBXVariantGroup section */

/* Begin XCBuildConfiguration section */
		C01FCF4B08A954540054247B /* Debug */ = {
			isa = XCBuildConfiguration;
			buildSettings = {
				ALWAYS_SEARCH_USER_PATHS = NO;
				COPY_PHASE_STRIP = NO;
				FRAMEWORK_SEARCH_PATHS = (
					"$(inherited)",
					"\"$(SRCROOT)\"",
				);
				GCC_DYNAMIC_NO_PIC = NO;
				GCC_ENABLE_FIX_AND_CONTINUE = YES;
				GCC_MODEL_TUNING = G5;
				GCC_OPTIMIZATION_LEVEL = 0;
				GCC_PRECOMPILE_PREFIX_HEADER = YES;
				GCC_PREFIX_HEADER = SiteMonitor_Prefix.pch;
				INFOPLIST_FILE = "SiteMonitor-Info.plist";
				INSTALL_PATH = "$(HOME)/Applications";
				PRODUCT_NAME = SiteMonitor;
			};
			name = Debug;
		};
		C01FCF4C08A954540054247B /* Release */ = {
			isa = XCBuildConfiguration;
			buildSettings = {
				ALWAYS_SEARCH_USER_PATHS = NO;
				DEBUG_INFORMATION_FORMAT = "dwarf-with-dsym";
				FRAMEWORK_SEARCH_PATHS = (
					"$(inherited)",
					"\"$(SRCROOT)\"",
				);
				GCC_MODEL_TUNING = G5;
				GCC_PRECOMPILE_PREFIX_HEADER = YES;
				GCC_PREFIX_HEADER = SiteMonitor_Prefix.pch;
				INFOPLIST_FILE = "SiteMonitor-Info.plist";
				INSTALL_PATH = "$(HOME)/Applications";
				PRODUCT_NAME = SiteMonitor;
			};
			name = Release;
		};
		C01FCF4F08A954540054247B /* Debug */ = {
			isa = XCBuildConfiguration;
			buildSettings = {
				ARCHS = "$(ARCHS_STANDARD_32_64_BIT)";
				GCC_C_LANGUAGE_STANDARD = gnu99;
				GCC_OPTIMIZATION_LEVEL = 0;
				GCC_WARN_ABOUT_RETURN_TYPE = YES;
				GCC_WARN_UNUSED_VARIABLE = YES;
				ONLY_ACTIVE_ARCH = YES;
				PREBINDING = NO;
				SDKROOT = macosx10.6;
			};
			name = Debug;
		};
		C01FCF5008A954540054247B /* Release */ = {
			isa = XCBuildConfiguration;
			buildSettings = {
				ARCHS = "$(ARCHS_STANDARD_32_64_BIT)";
				GCC_C_LANGUAGE_STANDARD = gnu99;
				GCC_WARN_ABOUT_RETURN_TYPE = YES;
				GCC_WARN_UNUSED_VARIABLE = YES;
				PREBINDING = NO;
				SDKROOT = macosx10.6;
			};
			name = Release;
		};
/* End XCBuildConfiguration section */

/* Begin XCConfigurationList section */
		C01FCF4A08A954540054247B /* Build configuration list for PBXNativeTarget "SiteMonitor" */ = {
			isa = XCConfigurationList;
			buildConfigurations = (
				C01FCF4B08A954540054247B /* Debug */,
				C01FCF4C08A954540054247B /* Release */,
			);
			defaultConfigurationIsVisible = 0;
			defaultConfigurationName = Release;
		};
		C01FCF4E08A954540054247B /* Build configuration list for PBXProject "SiteMonitor" */ = {
			isa = XCConfigurationList;
			buildConfigurations = (
				C01FCF4F08A954540054247B /* Debug */,
				C01FCF5008A954540054247B /* Release */,
			);
			defaultConfigurationIsVisible = 0;
			defaultConfigurationName = Release;
		};
/* End XCConfigurationList section */
	};
	rootObject = 29B97313FDCFA39411CA2CEA /* Project object */;
}
